// !$*UTF8*$!
{
	archiveVersion = 1;
	classes = {
	};
	objectVersion = 77;
	objects = {

/* Begin PBXFileReference section */
		94951B752F34D91F00FB7AC2 /* .gitignore */ = {isa = PBXFileReference; lastKnownFileType = text; path = .gitignore; sourceTree = "<group>"; };
		94951B762F34D91F00FB7AC2 /* bit_io.hpp */ = {isa = PBXFileReference; lastKnownFileType = sourcecode.cpp.h; path = bit_io.hpp; sourceTree = "<group>"; };
		94951B772F34D91F00FB7AC2 /* bit_io.cpp */ = {isa = PBXFileReference; lastKnownFileType = sourcecode.cpp.cpp; path = bit_io.cpp; sourceTree = "<group>"; };
		94951B782F34D91F00FB7AC2 /* bit_io.o */ = {isa = PBXFileReference; lastKnownFileType = "compiled.mach-o.objfile"; path = bit_io.o; sourceTree = "<group>"; };
		94951B792F34D91F00FB7AC2 /* common.hpp */ = {isa = PBXFileReference; lastKnownFileType = sourcecode.cpp.h; path = common.hpp; sourceTree = "<group>"; };
		94951B7A2F34D91F00FB7AC2 /* decode */ = {isa = PBXFileReference; lastKnownFileType = "compiled.mach-o.executable"; path = decode; sourceTree = "<group>"; };
		94951B7B2F34D91F00FB7AC2 /* decode.cpp */ = {isa = PBXFileReference; lastKnownFileType = sourcecode.cpp.cpp; path = decode.cpp; sourceTree = "<group>"; };
		94951B7C2F34D91F00FB7AC2 /* decode.o */ = {isa = PBXFileReference; lastKnownFileType = "compiled.mach-o.objfile"; path = decode.o; sourceTree = "<group>"; };
		94951B7D2F34D91F00FB7AC2 /* encode */ = {isa = PBXFileReference; lastKnownFileType = "compiled.mach-o.executable"; path = encode; sourceTree = "<group>"; };
		94951B7E2F34D91F00FB7AC2 /* encode.cpp */ = {isa = PBXFileReference; lastKnownFileType = sourcecode.cpp.cpp; path = encode.cpp; sourceTree = "<group>"; };
		94951B7F2F34D91F00FB7AC2 /* encode.o */ = {isa = PBXFileReference; lastKnownFileType = "compiled.mach-o.objfile"; path = encode.o; sourceTree = "<group>"; };
		94951B812F34D91F00FB7AC2 /* huff */ = {isa = PBXFileReference; lastKnownFileType = "compiled.mach-o.executable"; path = huff; sourceTree = "<group>"; };
		94951B822F34D91F00FB7AC2 /* huff.cpp */ = {isa = PBXFileReference; lastKnownFileType = sourcecode.cpp.cpp; path = huff.cpp; sourceTree = "<group>"; };
		94951B832F34D91F00FB7AC2 /* Makefile */ = {isa = PBXFileReference; lastKnownFileType = sourcecode.make; path = Makefile; sourceTree = "<group>"; };
		94951B862F34D96700FB7AC2 /* puff.cpp */ = {isa = PBXFileReference; lastKnownFileType = sourcecode.cpp.cpp; path = puff.cpp; sourceTree = "<group>"; };
		94DD2B582F4CD75E0013C6FA /* classes.cpp */ = {isa = PBXFileReference; lastKnownFileType = sourcecode.cpp.cpp; path = classes.cpp; sourceTree = "<group>"; };
		94DD2B5A2F4CDAC80013C6FA /* classes.hpp */ = {isa = PBXFileReference; lastKnownFileType = sourcecode.cpp.h; path = classes.hpp; sourceTree = "<group>"; };
/* End PBXFileReference section */

/* Begin PBXGroup section */
		94951B6A2F34D87400FB7AC2 = {
			isa = PBXGroup;
			children = (
				94951B842F34D91F00FB7AC2 /* cpp */,
			);
			sourceTree = "<group>";
		};
		94951B842F34D91F00FB7AC2 /* cpp */ = {
			isa = PBXGroup;
			children = (
				94951B752F34D91F00FB7AC2 /* .gitignore */,
				94951B762F34D91F00FB7AC2 /* bit_io.hpp */,
				94951B772F34D91F00FB7AC2 /* bit_io.cpp */,
				94951B782F34D91F00FB7AC2 /* bit_io.o */,
				94951B792F34D91F00FB7AC2 /* common.hpp */,
				94951B7A2F34D91F00FB7AC2 /* decode */,
				94951B7B2F34D91F00FB7AC2 /* decode.cpp */,
				94951B7C2F34D91F00FB7AC2 /* decode.o */,
				94951B7D2F34D91F00FB7AC2 /* encode */,
				94951B7E2F34D91F00FB7AC2 /* encode.cpp */,
				94951B7F2F34D91F00FB7AC2 /* encode.o */,
				94951B812F34D91F00FB7AC2 /* huff */,
				94951B822F34D91F00FB7AC2 /* huff.cpp */,
				94951B862F34D96700FB7AC2 /* puff.cpp */,
				94951B832F34D91F00FB7AC2 /* Makefile */,
				94DD2B582F4CD75E0013C6FA /* classes.cpp */,
				94DD2B5A2F4CDAC80013C6FA /* classes.hpp */,
			);
			name = cpp;
			path = "/Users/meg/code/eecs214/lib/bit-io/cpp";
			sourceTree = "<absolute>";
		};
/* End PBXGroup section */

/* Begin PBXLegacyTarget section */
		94951B6F2F34D87400FB7AC2 /* HW1 */ = {
			isa = PBXLegacyTarget;
			buildArgumentsString = "$(ACTION)";
			buildConfigurationList = 94951B722F34D87400FB7AC2 /* Build configuration list for PBXLegacyTarget "HW1" */;
			buildPhases = (
			);
			buildToolPath = /usr/bin/make;
			buildWorkingDirectory = "/Users/meg/code/eecs214/lib/bit-io/cpp";
			dependencies = (
			);
			name = HW1;
			packageProductDependencies = (
			);
			passBuildSettingsInEnvironment = 1;
			productName = HW1;
		};
/* End PBXLegacyTarget section */

/* Begin PBXProject section */
		94951B6B2F34D87400FB7AC2 /* Project object */ = {
			isa = PBXProject;
			attributes = {
				BuildIndependentTargetsInParallel = 1;
				LastUpgradeCheck = 2620;
				TargetAttributes = {
					94951B6F2F34D87400FB7AC2 = {
						CreatedOnToolsVersion = 26.2;
					};
				};
			};
			buildConfigurationList = 94951B6E2F34D87400FB7AC2 /* Build configuration list for PBXProject "HW1" */;
			developmentRegion = en;
			hasScannedForEncodings = 0;
			knownRegions = (
				en,
				Base,
			);
			mainGroup = 94951B6A2F34D87400FB7AC2;
			minimizedProjectReferenceProxies = 1;
			preferredProjectObjectVersion = 77;
			projectDirPath = "";
			projectRoot = "";
			targets = (
				94951B6F2F34D87400FB7AC2 /* HW1 */,
			);
		};
/* End PBXProject section */

/* Begin XCBuildConfiguration section */
		94951B702F34D87400FB7AC2 /* Debug */ = {
			isa = XCBuildConfiguration;
			buildSettings = {
				ALWAYS_SEARCH_USER_PATHS = NO;
				ASSETCATALOG_COMPILER_GENERATE_SWIFT_ASSET_SYMBOL_EXTENSIONS = YES;
				CLANG_ANALYZER_NONNULL = YES;
				CLANG_ANALYZER_NUMBER_OBJECT_CONVERSION = YES_AGGRESSIVE;
				CLANG_CXX_LANGUAGE_STANDARD = "gnu++20";
				CLANG_ENABLE_MODULES = YES;
				CLANG_ENABLE_OBJC_ARC = YES;
				CLANG_ENABLE_OBJC_WEAK = YES;
				CLANG_WARN_BLOCK_CAPTURE_AUTORELEASING = YES;
				CLANG_WARN_BOOL_CONVERSION = YES;
				CLANG_WARN_COMMA = YES;
				CLANG_WARN_CONSTANT_CONVERSION = YES;
				CLANG_WARN_DEPRECATED_OBJC_IMPLEMENTATIONS = YES;
				CLANG_WARN_DIRECT_OBJC_ISA_USAGE = YES_ERROR;
				CLANG_WARN_DOCUMENTATION_COMMENTS = YES;
				CLANG_WARN_EMPTY_BODY = YES;
				CLANG_WARN_ENUM_CONVERSION = YES;
				CLANG_WARN_INFINITE_RECURSION = YES;
				CLANG_WARN_INT_CONVERSION = YES;
				CLANG_WARN_NON_LITERAL_NULL_CONVERSION = YES;
				CLANG_WARN_OBJC_IMPLICIT_RETAIN_SELF = YES;
				CLANG_WARN_OBJC_LITERAL_CONVERSION = YES;
				CLANG_WARN_OBJC_ROOT_CLASS = YES_ERROR;
				CLANG_WARN_QUOTED_INCLUDE_IN_FRAMEWORK_HEADER = YES;
				CLANG_WARN_RANGE_LOOP_ANALYSIS = YES;
				CLANG_WARN_STRICT_PROTOTYPES = YES;
				CLANG_WARN_SUSPICIOUS_MOVE = YES;
				CLANG_WARN_UNGUARDED_AVAILABILITY = YES_AGGRESSIVE;
				CLANG_WARN_UNREACHABLE_CODE = YES;
				CLANG_WARN__DUPLICATE_METHOD_MATCH = YES;
				COPY_PHASE_STRIP = NO;
				DEBUG_INFORMATION_FORMAT = dwarf;
				ENABLE_STRICT_OBJC_MSGSEND = YES;
				ENABLE_TESTABILITY = YES;
				ENABLE_USER_SCRIPT_SANDBOXING = YES;
				GCC_C_LANGUAGE_STANDARD = gnu17;
				GCC_DYNAMIC_NO_PIC = NO;
				GCC_NO_COMMON_BLOCKS = YES;
				GCC_OPTIMIZATION_LEVEL = 0;
				GCC_PREPROCESSOR_DEFINITIONS = (
					"DEBUG=1",
					"$(inherited)",
				);
				GCC_WARN_64_TO_32_BIT_CONVERSION = YES;
				GCC_WARN_ABOUT_RETURN_TYPE = YES_ERROR;
				GCC_WARN_UNDECLARED_SELECTOR = YES;
				GCC_WARN_UNINITIALIZED_AUTOS = YES_AGGRESSIVE;
				GCC_WARN_UNUSED_FUNCTION = YES;
				GCC_WARN_UNUSED_VARIABLE = YES;
				LOCALIZATION_PREFERS_STRING_CATALOGS = YES;
				MTL_ENABLE_DEBUG_INFO = INCLUDE_SOURCE;
				MTL_FAST_MATH = YES;
				ONLY_ACTIVE_ARCH = YES;
			};
			name = Debug;
		};
		94951B712F34D87400FB7AC2 /* Release */ = {
			isa = XCBuildConfiguration;
			buildSettings = {
				ALWAYS_SEARCH_USER_PATHS = NO;
				ASSETCATALOG_COMPILER_GENERATE_SWIFT_ASSET_SYMBOL_EXTENSIONS = YES;
				CLANG_ANALYZER_NONNULL = YES;
				CLANG_ANALYZER_NUMBER_OBJECT_CONVERSION = YES_AGGRESSIVE;
				CLANG_CXX_LANGUAGE_STANDARD = "gnu++20";
				CLANG_ENABLE_MODULES = YES;
				CLANG_ENABLE_OBJC_ARC = YES;
				CLANG_ENABLE_OBJC_WEAK = YES;
				CLANG_WARN_BLOCK_CAPTURE_AUTORELEASING = YES;
				CLANG_WARN_BOOL_CONVERSION = YES;
				CLANG_WARN_COMMA = YES;
				CLANG_WARN_CONSTANT_CONVERSION = YES;
				CLANG_WARN_DEPRECATED_OBJC_IMPLEMENTATIONS = YES;
				CLANG_WARN_DIRECT_OBJC_ISA_USAGE = YES_ERROR;
				CLANG_WARN_DOCUMENTATION_COMMENTS = YES;
				CLANG_WARN_EMPTY_BODY = YES;
				CLANG_WARN_ENUM_CONVERSION = YES;
				CLANG_WARN_INFINITE_RECURSION = YES;
				CLANG_WARN_INT_CONVERSION = YES;
				CLANG_WARN_NON_LITERAL_NULL_CONVERSION = YES;
				CLANG_WARN_OBJC_IMPLICIT_RETAIN_SELF = YES;
				CLANG_WARN_OBJC_LITERAL_CONVERSION = YES;
				CLANG_WARN_OBJC_ROOT_CLASS = YES_ERROR;
				CLANG_WARN_QUOTED_INCLUDE_IN_FRAMEWORK_HEADER = YES;
				CLANG_WARN_RANGE_LOOP_ANALYSIS = YES;
				CLANG_WARN_STRICT_PROTOTYPES = YES;
				CLANG_WARN_SUSPICIOUS_MOVE = YES;
				CLANG_WARN_UNGUARDED_AVAILABILITY = YES_AGGRESSIVE;
				CLANG_WARN_UNREACHABLE_CODE = YES;
				CLANG_WARN__DUPLICATE_METHOD_MATCH = YES;
				COPY_PHASE_STRIP = NO;
				DEBUG_INFORMATION_FORMAT = "dwarf-with-dsym";
				ENABLE_NS_ASSERTIONS = NO;
				ENABLE_STRICT_OBJC_MSGSEND = YES;
				ENABLE_USER_SCRIPT_SANDBOXING = YES;
				GCC_C_LANGUAGE_STANDARD = gnu17;
				GCC_NO_COMMON_BLOCKS = YES;
				GCC_WARN_64_TO_32_BIT_CONVERSION = YES;
				GCC_WARN_ABOUT_RETURN_TYPE = YES_ERROR;
				GCC_WARN_UNDECLARED_SELECTOR = YES;
				GCC_WARN_UNINITIALIZED_AUTOS = YES_AGGRESSIVE;
				GCC_WARN_UNUSED_FUNCTION = YES;
				GCC_WARN_UNUSED_VARIABLE = YES;
				LOCALIZATION_PREFERS_STRING_CATALOGS = YES;
				MTL_ENABLE_DEBUG_INFO = NO;
				MTL_FAST_MATH = YES;
			};
			name = Release;
		};
		94951B732F34D87400FB7AC2 /* Debug */ = {
			isa = XCBuildConfiguration;
			buildSettings = {
				CODE_SIGN_STYLE = Automatic;
				DEBUGGING_SYMBOLS = YES;
				DEBUG_INFORMATION_FORMAT = dwarf;
				GCC_GENERATE_DEBUGGING_SYMBOLS = YES;
				GCC_OPTIMIZATION_LEVEL = 0;
				OTHER_CFLAGS = "";
				OTHER_LDFLAGS = "";
				PRODUCT_NAME = "$(TARGET_NAME)";
			};
			name = Debug;
		};
		94951B742F34D87400FB7AC2 /* Release */ = {
			isa = XCBuildConfiguration;
			buildSettings = {
				CODE_SIGN_STYLE = Automatic;
				DEBUG_INFORMATION_FORMAT = "dwarf-with-dsym";
				OTHER_CFLAGS = "";
				OTHER_LDFLAGS = "";
				PRODUCT_NAME = "$(TARGET_NAME)";
			};
			name = Release;
		};
/* End XCBuildConfiguration section */

/* Begin XCConfigurationList section */
		94951B6E2F34D87400FB7AC2 /* Build configuration list for PBXProject "HW1" */ = {
			isa = XCConfigurationList;
			buildConfigurations = (
				94951B702F34D87400FB7AC2 /* Debug */,
				94951B712F34D87400FB7AC2 /* Release */,
			);
			defaultConfigurationIsVisible = 0;
			defaultConfigurationName = Release;
		};
		94951B722F34D87400FB7AC2 /* Build configuration list for PBXLegacyTarget "HW1" */ = {
			isa = XCConfigurationList;
			buildConfigurations = (
				94951B732F34D87400FB7AC2 /* Debug */,
				94951B742F34D87400FB7AC2 /* Release */,
			);
			defaultConfigurationIsVisible = 0;
			defaultConfigurationName = Release;
		};
/* End XCConfigurationList section */
	};
	rootObject = 94951B6B2F34D87400FB7AC2 /* Project object */;
}
